{
  "name": "@widgify/ionic",
  "version": "1.0.3",
  "lockfileVersion": 2,
  "requires": true,
  "packages": {
    "": {
      "name": "@widgify/ionic",
      "version": "1.0.3",
      "dependencies": {
        "tslib": "^2.0.0"
      },
      "peerDependencies": {
        "@widgify/common": "^1.0.3"
      }
    },
    "node_modules/@widgify/common": {
      "version": "1.0.7",
      "resolved": "https://registry.npmjs.org/@widgify/common/-/common-1.0.7.tgz",
      "integrity": "sha512-fktKjh8qvG9pKVEGWGSD8uwQigujJlAwtDRFvOVTUUKbn8kRqX/QWi5Om0C1wpj9wEu5s+xW2vSnbv6JQyU0QQ==",
      "peer": true,
      "dependencies": {
        "tslib": "^2.0.0"
      },
      "peerDependencies": {
        "@widgify/core": "^1.0.5"
      }
    },
    "node_modules/@widgify/core": {
      "version": "1.0.8",
      "resolved": "https://registry.npmjs.org/@widgify/core/-/core-1.0.8.tgz",
      "integrity": "sha512-UC+kxI5/U6/JasBmAvGitxEPH1qxu4ZBCGxPdh3dPE0Vvh/mF1IU72EOq1hwDrRYvbiEyRiQnLfUJXS3ep0gTg==",
      "peer": true,
      "dependencies": {
        "tslib": "^2.0.0"
      }
    },
    "node_modules/tslib": {
      "version": "2.3.1",
      "resolved": "https://registry.npmjs.org/tslib/-/tslib-2.3.1.tgz",
      "integrity": "sha512-77EbyPPpMz+FRFRuAFlWMtmgUWGe9UOG2Z25NqCwiIjRhOf5iKGuzSe5P2w1laq+FkRy4p+PCuVkJSGkzTEKVw=="
    }
  },
  "dependencies": {
    "@widgify/common": {
      "version": "1.0.7",
      "resolved": "https://registry.npmjs.org/@widgify/common/-/common-1.0.7.tgz",
      "integrity": "sha512-fktKjh8qvG9pKVEGWGSD8uwQigujJlAwtDRFvOVTUUKbn8kRqX/QWi5Om0C1wpj9wEu5s+xW2vSnbv6JQyU0QQ==",
      "peer": true,
      "requires": {
        "tslib": "^2.0.0"
      }
    },
    "@widgify/core": {
      "version": "1.0.8",
      "resolved": "https://registry.npmjs.org/@widgify/core/-/core-1.0.8.tgz",
      "integrity": "sha512-UC+kxI5/U6/JasBmAvGitxEPH1qxu4ZBCGxPdh3dPE0Vvh/mF1IU72EOq1hwDrRYvbiEyRiQnLfUJXS3ep0gTg==",
      "peer": true,
      "requires": {
        "tslib": "^2.0.0"
      }
    },
    "tslib": {
      "version": "2.3.1",
      "resolved": "https://registry.npmjs.org/tslib/-/tslib-2.3.1.tgz",
      "integrity": "sha512-77EbyPPpMz+FRFRuAFlWMtmgUWGe9UOG2Z25NqCwiIjRhOf5iKGuzSe5P2w1laq+FkRy4p+PCuVkJSGkzTEKVw=="
    }
  }
}
